// !$*UTF8*$!
{
	archiveVersion = 1;
	classes = {
	};
	objectVersion = 56;
	objects = {

/* Begin PBXBuildFile section */
		CE0000000000000000000050 /* RecipeExtractorApp.swift in Sources */ = {isa = PBXBuildFile; fileRef = CE0000000000000000000020 /* RecipeExtractorApp.swift */; };
		CE0000000000000000000051 /* ContentView.swift in Sources */ = {isa = PBXBuildFile; fileRef = CE0000000000000000000021 /* ContentView.swift */; };
		CE0000000000000000000052 /* MainTabView.swift in Sources */ = {isa = PBXBuildFile; fileRef = CE0000000000000000000022 /* MainTabView.swift */; };
		CE0000000000000000000053 /* Recipe.swift in Sources */ = {isa = PBXBuildFile; fileRef = CE0000000000000000000026 /* Recipe.swift */; };
		CE0000000000000000000054 /* User.swift in Sources */ = {isa = PBXBuildFile; fileRef = CE0000000000000000000027 /* User.swift */; };
		CE0000000000000000000055 /* AppError.swift in Sources */ = {isa = PBXBuildFile; fileRef = CE0000000000000000000028 /* AppError.swift */; };
		CE0000000000000000000056 /* APIService.swift in Sources */ = {isa = PBXBuildFile; fileRef = CE0000000000000000000029 /* APIService.swift */; };
		CE0000000000000000000057 /* AuthService.swift in Sources */ = {isa = PBXBuildFile; fileRef = CE000000000000000000002A /* AuthService.swift */; };
		CE0000000000000000000058 /* KeychainService.swift in Sources */ = {isa = PBXBuildFile; fileRef = CE000000000000000000002B /* KeychainService.swift */; };
		CE0000000000000000000059 /* StoreKitService.swift in Sources */ = {isa = PBXBuildFile; fileRef = CE000000000000000000002C /* StoreKitService.swift */; };
		CE000000000000000000005A /* ExtractViewModel.swift in Sources */ = {isa = PBXBuildFile; fileRef = CE000000000000000000002D /* ExtractViewModel.swift */; };
		CE000000000000000000005B /* RecipeListViewModel.swift in Sources */ = {isa = PBXBuildFile; fileRef = CE000000000000000000002E /* RecipeListViewModel.swift */; };
		CE000000000000000000005C /* SubscriptionViewModel.swift in Sources */ = {isa = PBXBuildFile; fileRef = CE000000000000000000002F /* SubscriptionViewModel.swift */; };
		CE000000000000000000005D /* LoginView.swift in Sources */ = {isa = PBXBuildFile; fileRef = CE0000000000000000000030 /* LoginView.swift */; };
		CE000000000000000000005E /* RegisterView.swift in Sources */ = {isa = PBXBuildFile; fileRef = CE0000000000000000000031 /* RegisterView.swift */; };
		CE000000000000000000005F /* HomeView.swift in Sources */ = {isa = PBXBuildFile; fileRef = CE0000000000000000000032 /* HomeView.swift */; };
		CE0000000000000000000060 /* ExtractView.swift in Sources */ = {isa = PBXBuildFile; fileRef = CE0000000000000000000033 /* ExtractView.swift */; };
		CE0000000000000000000061 /* RecipeResultView.swift in Sources */ = {isa = PBXBuildFile; fileRef = CE0000000000000000000034 /* RecipeResultView.swift */; };
		CE0000000000000000000062 /* RecipeListView.swift in Sources */ = {isa = PBXBuildFile; fileRef = CE0000000000000000000035 /* RecipeListView.swift */; };
		CE0000000000000000000063 /* RecipeCardView.swift in Sources */ = {isa = PBXBuildFile; fileRef = CE0000000000000000000036 /* RecipeCardView.swift */; };
		CE0000000000000000000064 /* RecipeDetailView.swift in Sources */ = {isa = PBXBuildFile; fileRef = CE0000000000000000000037 /* RecipeDetailView.swift */; };
		CE0000000000000000000065 /* PaywallView.swift in Sources */ = {isa = PBXBuildFile; fileRef = CE0000000000000000000038 /* PaywallView.swift */; };
		CE0000000000000000000066 /* SettingsView.swift in Sources */ = {isa = PBXBuildFile; fileRef = CE0000000000000000000039 /* SettingsView.swift */; };
		CE0000000000000000000067 /* UsageBarView.swift in Sources */ = {isa = PBXBuildFile; fileRef = CE000000000000000000003A /* UsageBarView.swift */; };
		CE0000000000000000000070 /* Assets.xcassets in Resources */ = {isa = PBXBuildFile; fileRef = CE0000000000000000000025 /* Assets.xcassets */; };
		CE0000000000000000000071 /* Products.storekit in Resources */ = {isa = PBXBuildFile; fileRef = CE000000000000000000003B /* Products.storekit */; };
		CE0000000000000000000080 /* StoreKit.framework in Frameworks */ = {isa = PBXBuildFile; fileRef = CE000000000000000000003D /* StoreKit.framework */; };
/* End PBXBuildFile section */

/* Begin PBXFileReference section */
		CE000000000000000000003C /* RecipeExtractor.app */ = {isa = PBXFileReference; explicitFileType = wrapper.application; includeInIndex = 0; path = RecipeExtractor.app; sourceTree = BUILT_PRODUCTS_DIR; };
		CE000000000000000000003D /* StoreKit.framework */ = {isa = PBXFileReference; lastKnownFileType = wrapper.framework; name = StoreKit.framework; path = System/Library/Frameworks/StoreKit.framework; sourceTree = SDKROOT; };
		CE0000000000000000000020 /* RecipeExtractorApp.swift */ = {isa = PBXFileReference; lastKnownFileType = sourcecode.swift; path = RecipeExtractorApp.swift; sourceTree = "<group>"; };
		CE0000000000000000000021 /* ContentView.swift */ = {isa = PBXFileReference; lastKnownFileType = sourcecode.swift; path = ContentView.swift; sourceTree = "<group>"; };
		CE0000000000000000000022 /* MainTabView.swift */ = {isa = PBXFileReference; lastKnownFileType = sourcecode.swift; path = MainTabView.swift; sourceTree = "<group>"; };
		CE0000000000000000000023 /* Info.plist */ = {isa = PBXFileReference; lastKnownFileType = text.plist.xml; path = Info.plist; sourceTree = "<group>"; };
		CE0000000000000000000024 /* RecipeExtractor.entitlements */ = {isa = PBXFileReference; lastKnownFileType = text.plist.entitlements; path = RecipeExtractor.entitlements; sourceTree = "<group>"; };
		CE0000000000000000000025 /* Assets.xcassets */ = {isa = PBXFileReference; lastKnownFileType = folder.assetcatalog; path = Assets.xcassets; sourceTree = "<group>"; };
		CE0000000000000000000026 /* Recipe.swift */ = {isa = PBXFileReference; lastKnownFileType = sourcecode.swift; path = Recipe.swift; sourceTree = "<group>"; };
		CE0000000000000000000027 /* User.swift */ = {isa = PBXFileReference; lastKnownFileType = sourcecode.swift; path = User.swift; sourceTree = "<group>"; };
		CE0000000000000000000028 /* AppError.swift */ = {isa = PBXFileReference; lastKnownFileType = sourcecode.swift; path = AppError.swift; sourceTree = "<group>"; };
		CE0000000000000000000029 /* APIService.swift */ = {isa = PBXFileReference; lastKnownFileType = sourcecode.swift; path = APIService.swift; sourceTree = "<group>"; };
		CE000000000000000000002A /* AuthService.swift */ = {isa = PBXFileReference; lastKnownFileType = sourcecode.swift; path = AuthService.swift; sourceTree = "<group>"; };
		CE000000000000000000002B /* KeychainService.swift */ = {isa = PBXFileReference; lastKnownFileType = sourcecode.swift; path = KeychainService.swift; sourceTree = "<group>"; };
		CE000000000000000000002C /* StoreKitService.swift */ = {isa = PBXFileReference; lastKnownFileType = sourcecode.swift; path = StoreKitService.swift; sourceTree = "<group>"; };
		CE000000000000000000002D /* ExtractViewModel.swift */ = {isa = PBXFileReference; lastKnownFileType = sourcecode.swift; path = ExtractViewModel.swift; sourceTree = "<group>"; };
		CE000000000000000000002E /* RecipeListViewModel.swift */ = {isa = PBXFileReference; lastKnownFileType = sourcecode.swift; path = RecipeListViewModel.swift; sourceTree = "<group>"; };
		CE000000000000000000002F /* SubscriptionViewModel.swift */ = {isa = PBXFileReference; lastKnownFileType = sourcecode.swift; path = SubscriptionViewModel.swift; sourceTree = "<group>"; };
		CE0000000000000000000030 /* LoginView.swift */ = {isa = PBXFileReference; lastKnownFileType = sourcecode.swift; path = LoginView.swift; sourceTree = "<group>"; };
		CE0000000000000000000031 /* RegisterView.swift */ = {isa = PBXFileReference; lastKnownFileType = sourcecode.swift; path = RegisterView.swift; sourceTree = "<group>"; };
		CE0000000000000000000032 /* HomeView.swift */ = {isa = PBXFileReference; lastKnownFileType = sourcecode.swift; path = HomeView.swift; sourceTree = "<group>"; };
		CE0000000000000000000033 /* ExtractView.swift */ = {isa = PBXFileReference; lastKnownFileType = sourcecode.swift; path = ExtractView.swift; sourceTree = "<group>"; };
		CE0000000000000000000034 /* RecipeResultView.swift */ = {isa = PBXFileReference; lastKnownFileType = sourcecode.swift; path = RecipeResultView.swift; sourceTree = "<group>"; };
		CE0000000000000000000035 /* RecipeListView.swift */ = {isa = PBXFileReference; lastKnownFileType = sourcecode.swift; path = RecipeListView.swift; sourceTree = "<group>"; };
		CE0000000000000000000036 /* RecipeCardView.swift */ = {isa = PBXFileReference; lastKnownFileType = sourcecode.swift; path = RecipeCardView.swift; sourceTree = "<group>"; };
		CE0000000000000000000037 /* RecipeDetailView.swift */ = {isa = PBXFileReference; lastKnownFileType = sourcecode.swift; path = RecipeDetailView.swift; sourceTree = "<group>"; };
		CE0000000000000000000038 /* PaywallView.swift */ = {isa = PBXFileReference; lastKnownFileType = sourcecode.swift; path = PaywallView.swift; sourceTree = "<group>"; };
		CE0000000000000000000039 /* SettingsView.swift */ = {isa = PBXFileReference; lastKnownFileType = sourcecode.swift; path = SettingsView.swift; sourceTree = "<group>"; };
		CE000000000000000000003A /* UsageBarView.swift */ = {isa = PBXFileReference; lastKnownFileType = sourcecode.swift; path = UsageBarView.swift; sourceTree = "<group>"; };
		CE000000000000000000003B /* Products.storekit */ = {isa = PBXFileReference; lastKnownFileType = text; path = Products.storekit; sourceTree = "<group>"; };
/* End PBXFileReference section */

/* Begin PBXFrameworksBuildPhase section */
		CE000000000000000000000B /* Frameworks */ = {
			isa = PBXFrameworksBuildPhase;
			buildActionMask = 2147483647;
			files = (
				CE0000000000000000000080 /* StoreKit.framework in Frameworks */,
			);
			runOnlyForDeploymentPostprocessing = 0;
		};
/* End PBXFrameworksBuildPhase section */

/* Begin PBXGroup section */
		CE0000000000000000000010 /* RecipeExtractor */ = {
			isa = PBXGroup;
			children = (
				CE0000000000000000000011 /* RecipeExtractor */,
				CE000000000000000000003E /* Frameworks */,
				CE0000000000000000000012 /* Products */,
			);
			sourceTree = "<group>";
		};
		CE0000000000000000000011 /* RecipeExtractor */ = {
			isa = PBXGroup;
			children = (
				CE0000000000000000000020 /* RecipeExtractorApp.swift */,
				CE0000000000000000000021 /* ContentView.swift */,
				CE0000000000000000000013 /* Models */,
				CE0000000000000000000014 /* Services */,
				CE0000000000000000000015 /* ViewModels */,
				CE0000000000000000000016 /* Views */,
				CE0000000000000000000025 /* Assets.xcassets */,
				CE000000000000000000003B /* Products.storekit */,
				CE0000000000000000000023 /* Info.plist */,
				CE0000000000000000000024 /* RecipeExtractor.entitlements */,
			);
			path = RecipeExtractor;
			sourceTree = "<group>";
		};
		CE0000000000000000000012 /* Products */ = {
			isa = PBXGroup;
			children = (
				CE000000000000000000003C /* RecipeExtractor.app */,
			);
			name = Products;
			sourceTree = "<group>";
		};
		CE000000000000000000003E /* Frameworks */ = {
			isa = PBXGroup;
			children = (
				CE000000000000000000003D /* StoreKit.framework */,
			);
			name = Frameworks;
			sourceTree = "<group>";
		};
		CE0000000000000000000013 /* Models */ = {
			isa = PBXGroup;
			children = (
				CE0000000000000000000026 /* Recipe.swift */,
				CE0000000000000000000027 /* User.swift */,
				CE0000000000000000000028 /* AppError.swift */,
			);
			path = Models;
			sourceTree = "<group>";
		};
		CE0000000000000000000014 /* Services */ = {
			isa = PBXGroup;
			children = (
				CE0000000000000000000029 /* APIService.swift */,
				CE000000000000000000002A /* AuthService.swift */,
				CE000000000000000000002B /* KeychainService.swift */,
				CE000000000000000000002C /* StoreKitService.swift */,
			);
			path = Services;
			sourceTree = "<group>";
		};
		CE0000000000000000000015 /* ViewModels */ = {
			isa = PBXGroup;
			children = (
				CE000000000000000000002D /* ExtractViewModel.swift */,
				CE000000000000000000002E /* RecipeListViewModel.swift */,
				CE000000000000000000002F /* SubscriptionViewModel.swift */,
			);
			path = ViewModels;
			sourceTree = "<group>";
		};
		CE0000000000000000000016 /* Views */ = {
			isa = PBXGroup;
			children = (
				CE0000000000000000000022 /* MainTabView.swift */,
				CE0000000000000000000017 /* Auth */,
				CE0000000000000000000018 /* Home */,
				CE0000000000000000000019 /* Extract */,
				CE000000000000000000001A /* Recipes */,
				CE000000000000000000001B /* Subscription */,
				CE000000000000000000001C /* Settings */,
				CE000000000000000000001D /* Common */,
			);
			path = Views;
			sourceTree = "<group>";
		};
		CE0000000000000000000017 /* Auth */ = {
			isa = PBXGroup;
			children = (
				CE0000000000000000000030 /* LoginView.swift */,
				CE0000000000000000000031 /* RegisterView.swift */,
			);
			path = Auth;
			sourceTree = "<group>";
		};
		CE0000000000000000000018 /* Home */ = {
			isa = PBXGroup;
			children = (
				CE0000000000000000000032 /* HomeView.swift */,
			);
			path = Home;
			sourceTree = "<group>";
		};
		CE0000000000000000000019 /* Extract */ = {
			isa = PBXGroup;
			children = (
				CE0000000000000000000033 /* ExtractView.swift */,
				CE0000000000000000000034 /* RecipeResultView.swift */,
			);
			path = Extract;
			sourceTree = "<group>";
		};
		CE000000000000000000001A /* Recipes */ = {
			isa = PBXGroup;
			children = (
				CE0000000000000000000035 /* RecipeListView.swift */,
				CE0000000000000000000036 /* RecipeCardView.swift */,
				CE0000000000000000000037 /* RecipeDetailView.swift */,
			);
			path = Recipes;
			sourceTree = "<group>";
		};
		CE000000000000000000001B /* Subscription */ = {
			isa = PBXGroup;
			children = (
				CE0000000000000000000038 /* PaywallView.swift */,
			);
			path = Subscription;
			sourceTree = "<group>";
		};
		CE000000000000000000001C /* Settings */ = {
			isa = PBXGroup;
			children = (
				CE0000000000000000000039 /* SettingsView.swift */,
			);
			path = Settings;
			sourceTree = "<group>";
		};
		CE000000000000000000001D /* Common */ = {
			isa = PBXGroup;
			children = (
				CE000000000000000000003A /* UsageBarView.swift */,
			);
			path = Common;
			sourceTree = "<group>";
		};
/* End PBXGroup section */

/* Begin PBXNativeTarget section */
		CE0000000000000000000002 /* RecipeExtractor */ = {
			isa = PBXNativeTarget;
			buildConfigurationList = CE0000000000000000000004 /* Build configuration list for PBXNativeTarget "RecipeExtractor" */;
			buildPhases = (
				CE0000000000000000000009 /* Sources */,
				CE000000000000000000000B /* Frameworks */,
				CE000000000000000000000A /* Resources */,
			);
			buildRules = (
			);
			dependencies = (
			);
			name = RecipeExtractor;
			productName = RecipeExtractor;
			productReference = CE000000000000000000003C /* RecipeExtractor.app */;
			productType = "com.apple.product-type.application";
		};
/* End PBXNativeTarget section */

/* Begin PBXProject section */
		CE0000000000000000000001 /* Project object */ = {
			isa = PBXProject;
			attributes = {
				BuildIndependentTargetsInParallel = 1;
				LastSwiftUpdateCheck = 1500;
				LastUpgradeCheck = 1500;
				TargetAttributes = {
					CE0000000000000000000002 = {
						CreatedOnToolsVersion = 15.0;
					};
				};
			};
			buildConfigurationList = CE0000000000000000000003 /* Build configuration list for PBXProject "RecipeExtractor" */;
			compatibilityVersion = "Xcode 14.0";
			developmentRegion = en;
			hasScannedForEncodings = 0;
			knownRegions = (
				en,
				Base,
			);
			mainGroup = CE0000000000000000000010;
			productRefGroup = CE0000000000000000000012 /* Products */;
			projectDirPath = "";
			projectRoot = "";
			targets = (
				CE0000000000000000000002 /* RecipeExtractor */,
			);
		};
/* End PBXProject section */

/* Begin PBXResourcesBuildPhase section */
		CE000000000000000000000A /* Resources */ = {
			isa = PBXResourcesBuildPhase;
			buildActionMask = 2147483647;
			files = (
				CE0000000000000000000070 /* Assets.xcassets in Resources */,
				CE0000000000000000000071 /* Products.storekit in Resources */,
			);
			runOnlyForDeploymentPostprocessing = 0;
		};
/* End PBXResourcesBuildPhase section */

/* Begin PBXSourcesBuildPhase section */
		CE0000000000000000000009 /* Sources */ = {
			isa = PBXSourcesBuildPhase;
			buildActionMask = 2147483647;
			files = (
				CE0000000000000000000050 /* RecipeExtractorApp.swift in Sources */,
				CE0000000000000000000051 /* ContentView.swift in Sources */,
				CE0000000000000000000052 /* MainTabView.swift in Sources */,
				CE0000000000000000000053 /* Recipe.swift in Sources */,
				CE0000000000000000000054 /* User.swift in Sources */,
				CE0000000000000000000055 /* AppError.swift in Sources */,
				CE0000000000000000000056 /* APIService.swift in Sources */,
				CE0000000000000000000057 /* AuthService.swift in Sources */,
				CE0000000000000000000058 /* KeychainService.swift in Sources */,
				CE0000000000000000000059 /* StoreKitService.swift in Sources */,
				CE000000000000000000005A /* ExtractViewModel.swift in Sources */,
				CE000000000000000000005B /* RecipeListViewModel.swift in Sources */,
				CE000000000000000000005C /* SubscriptionViewModel.swift in Sources */,
				CE000000000000000000005D /* LoginView.swift in Sources */,
				CE000000000000000000005E /* RegisterView.swift in Sources */,
				CE000000000000000000005F /* HomeView.swift in Sources */,
				CE0000000000000000000060 /* ExtractView.swift in Sources */,
				CE0000000000000000000061 /* RecipeResultView.swift in Sources */,
				CE0000000000000000000062 /* RecipeListView.swift in Sources */,
				CE0000000000000000000063 /* RecipeCardView.swift in Sources */,
				CE0000000000000000000064 /* RecipeDetailView.swift in Sources */,
				CE0000000000000000000065 /* PaywallView.swift in Sources */,
				CE0000000000000000000066 /* SettingsView.swift in Sources */,
				CE0000000000000000000067 /* UsageBarView.swift in Sources */,
			);
			runOnlyForDeploymentPostprocessing = 0;
		};
/* End PBXSourcesBuildPhase section */

/* Begin XCBuildConfiguration section */
		CE0000000000000000000005 /* Debug */ = {
			isa = XCBuildConfiguration;
			buildSettings = {
				ALWAYS_SEARCH_USER_PATHS = NO;
				ASSETCATALOG_COMPILER_GENERATE_SWIFT_ASSET_SYMBOL_EXTENSIONS = YES;
				CLANG_ANALYZER_NONNULL = YES;
				CLANG_ANALYZER_NUMBER_OBJECT_CONVERSION = YES_AGGRESSIVE;
				CLANG_CXX_LANGUAGE_STANDARD = "gnu++20";
				CLANG_ENABLE_MODULES = YES;
				CLANG_ENABLE_OBJC_ARC = YES;
				CLANG_ENABLE_OBJC_WEAK = YES;
				CLANG_WARN_BLOCK_CAPTURE_AUTORELEASING = YES;
				CLANG_WARN_BOOL_CONVERSION = YES;
				CLANG_WARN_COMMA = YES;
				CLANG_WARN_CONSTANT_CONVERSION = YES;
				CLANG_WARN_DEPRECATED_OBJC_IMPLEMENTATIONS = YES;
				CLANG_WARN_DIRECT_OBJC_ISA_USAGE = YES_ERROR;
				CLANG_WARN_DOCUMENTATION_COMMENTS = YES;
				CLANG_WARN_EMPTY_BODY = YES;
				CLANG_WARN_ENUM_CONVERSION = YES;
				CLANG_WARN_INFINITE_RECURSION = YES;
				CLANG_WARN_INT_CONVERSION = YES;
				CLANG_WARN_NON_LITERAL_NULL_CONVERSION = YES;
				CLANG_WARN_OBJC_IMPLICIT_RETAIN_SELF = YES;
				CLANG_WARN_OBJC_LITERAL_CONVERSION = YES;
				CLANG_WARN_OBJC_ROOT_CLASS = YES_ERROR;
				CLANG_WARN_QUOTED_INCLUDE_IN_FRAMEWORK_HEADER = YES;
				CLANG_WARN_RANGE_LOOP_ANALYSIS = YES;
				CLANG_WARN_STRICT_PROTOTYPES = YES;
				CLANG_WARN_SUSPICIOUS_MOVE = YES;
				CLANG_WARN_UNGUARDED_AVAILABILITY = YES_AGGRESSIVE;
				CLANG_WARN_UNREACHABLE_CODE = YES;
				CLANG_WARN__DUPLICATE_METHOD_MATCH = YES;
				COPY_PHASE_STRIP = NO;
				DEBUG_INFORMATION_FORMAT = dwarf;
				ENABLE_STRICT_OBJC_MSGSEND = YES;
				ENABLE_TESTABILITY = YES;
				ENABLE_USER_SCRIPT_SANDBOXING = YES;
				GCC_C_LANGUAGE_STANDARD = gnu17;
				GCC_DYNAMIC_NO_PIC = NO;
				GCC_NO_COMMON_BLOCKS = YES;
				GCC_OPTIMIZATION_LEVEL = 0;
				GCC_PREPROCESSOR_DEFINITIONS = (
					"DEBUG=1",
					"$(inherited)",
				);
				GCC_WARN_64_TO_32_BIT_CONVERSION = YES;
				GCC_WARN_ABOUT_RETURN_TYPE = YES_ERROR;
				GCC_WARN_UNDECLARED_SELECTOR = YES;
				GCC_WARN_UNINITIALIZED_AUTOS = YES_AGGRESSIVE;
				GCC_WARN_UNUSED_FUNCTION = YES;
				GCC_WARN_UNUSED_VARIABLE = YES;
				IPHONEOS_DEPLOYMENT_TARGET = 17.0;
				MTL_ENABLE_DEBUG_INFO = INCLUDE_SOURCE;
				MTL_FAST_MATH = YES;
				ONLY_ACTIVE_ARCH = YES;
				SDKROOT = iphoneos;
				SWIFT_ACTIVE_COMPILATION_CONDITIONS = "DEBUG $(inherited)";
				SWIFT_OPTIMIZATION_LEVEL = "-Onone";
			};
			name = Debug;
		};
		CE0000000000000000000006 /* Release */ = {
			isa = XCBuildConfiguration;
			buildSettings = {
				ALWAYS_SEARCH_USER_PATHS = NO;
				ASSETCATALOG_COMPILER_GENERATE_SWIFT_ASSET_SYMBOL_EXTENSIONS = YES;
				CLANG_ANALYZER_NONNULL = YES;
				CLANG_ANALYZER_NUMBER_OBJECT_CONVERSION = YES_AGGRESSIVE;
				CLANG_CXX_LANGUAGE_STANDARD = "gnu++20";
				CLANG_ENABLE_MODULES = YES;
				CLANG_ENABLE_OBJC_ARC = YES;
				CLANG_ENABLE_OBJC_WEAK = YES;
				CLANG_WARN_BLOCK_CAPTURE_AUTORELEASING = YES;
				CLANG_WARN_BOOL_CONVERSION = YES;
				CLANG_WARN_COMMA = YES;
				CLANG_WARN_CONSTANT_CONVERSION = YES;
				CLANG_WARN_DEPRECATED_OBJC_IMPLEMENTATIONS = YES;
				CLANG_WARN_DIRECT_OBJC_ISA_USAGE = YES_ERROR;
				CLANG_WARN_DOCUMENTATION_COMMENTS = YES;
				CLANG_WARN_EMPTY_BODY = YES;
				CLANG_WARN_ENUM_CONVERSION = YES;
				CLANG_WARN_INFINITE_RECURSION = YES;
				CLANG_WARN_INT_CONVERSION = YES;
				CLANG_WARN_NON_LITERAL_NULL_CONVERSION = YES;
				CLANG_WARN_OBJC_IMPLICIT_RETAIN_SELF = YES;
				CLANG_WARN_OBJC_LITERAL_CONVERSION = YES;
				CLANG_WARN_OBJC_ROOT_CLASS = YES_ERROR;
				CLANG_WARN_QUOTED_INCLUDE_IN_FRAMEWORK_HEADER = YES;
				CLANG_WARN_RANGE_LOOP_ANALYSIS = YES;
				CLANG_WARN_STRICT_PROTOTYPES = YES;
				CLANG_WARN_SUSPICIOUS_MOVE = YES;
				CLANG_WARN_UNGUARDED_AVAILABILITY = YES_AGGRESSIVE;
				CLANG_WARN_UNREACHABLE_CODE = YES;
				CLANG_WARN__DUPLICATE_METHOD_MATCH = YES;
				COPY_PHASE_STRIP = NO;
				DEBUG_INFORMATION_FORMAT = "dwarf-with-dsym";
				ENABLE_NS_ASSERTIONS = NO;
				ENABLE_STRICT_OBJC_MSGSEND = YES;
				ENABLE_USER_SCRIPT_SANDBOXING = YES;
				GCC_C_LANGUAGE_STANDARD = gnu17;
				GCC_NO_COMMON_BLOCKS = YES;
				GCC_WARN_64_TO_32_BIT_CONVERSION = YES;
				GCC_WARN_ABOUT_RETURN_TYPE = YES_ERROR;
				GCC_WARN_UNDECLARED_SELECTOR = YES;
				GCC_WARN_UNINITIALIZED_AUTOS = YES_AGGRESSIVE;
				GCC_WARN_UNUSED_FUNCTION = YES;
				GCC_WARN_UNUSED_VARIABLE = YES;
				IPHONEOS_DEPLOYMENT_TARGET = 17.0;
				MTL_FAST_MATH = YES;
				SDKROOT = iphoneos;
				SWIFT_COMPILATION_MODE = wholemodule;
				VALIDATE_PRODUCT = YES;
			};
			name = Release;
		};
		CE0000000000000000000007 /* Debug */ = {
			isa = XCBuildConfiguration;
			buildSettings = {
				ASSETCATALOG_COMPILER_APPICON_NAME = AppIcon;
				ASSETCATALOG_COMPILER_GLOBAL_ACCENT_COLOR_NAME = AccentColor;
				CODE_SIGN_ENTITLEMENTS = RecipeExtractor/RecipeExtractor.entitlements;
				CODE_SIGN_STYLE = Automatic;
				CURRENT_PROJECT_VERSION = 1;
				DEVELOPMENT_ASSET_PATHS = "\"RecipeExtractor/Products.storekit\"";
				DEVELOPMENT_TEAM = "";
				GENERATE_INFOPLIST_FILE = NO;
				INFOPLIST_FILE = RecipeExtractor/Info.plist;
				INFOPLIST_KEY_UIApplicationSceneManifest_Generation = NO;
				INFOPLIST_KEY_UILaunchScreen_Generation = NO;
				IPHONEOS_DEPLOYMENT_TARGET = 17.0;
				LD_RUNPATH_SEARCH_PATHS = (
					"$(inherited)",
					"@executable_path/Frameworks",
				);
				MARKETING_VERSION = 1.0;
				PRODUCT_BUNDLE_IDENTIFIER = com.recipeextractor.app;
				PRODUCT_NAME = "$(TARGET_NAME)";
				SWIFT_EMIT_LOC_STRINGS = YES;
				SWIFT_VERSION = 5.0;
				TARGETED_DEVICE_FAMILY = "1,2";
			};
			name = Debug;
		};
		CE0000000000000000000008 /* Release */ = {
			isa = XCBuildConfiguration;
			buildSettings = {
				ASSETCATALOG_COMPILER_APPICON_NAME = AppIcon;
				ASSETCATALOG_COMPILER_GLOBAL_ACCENT_COLOR_NAME = AccentColor;
				CODE_SIGN_ENTITLEMENTS = RecipeExtractor/RecipeExtractor.entitlements;
				CODE_SIGN_STYLE = Automatic;
				CURRENT_PROJECT_VERSION = 1;
				DEVELOPMENT_ASSET_PATHS = "\"RecipeExtractor/Products.storekit\"";
				DEVELOPMENT_TEAM = "";
				GENERATE_INFOPLIST_FILE = NO;
				INFOPLIST_FILE = RecipeExtractor/Info.plist;
				INFOPLIST_KEY_UIApplicationSceneManifest_Generation = NO;
				INFOPLIST_KEY_UILaunchScreen_Generation = NO;
				IPHONEOS_DEPLOYMENT_TARGET = 17.0;
				LD_RUNPATH_SEARCH_PATHS = (
					"$(inherited)",
					"@executable_path/Frameworks",
				);
				MARKETING_VERSION = 1.0;
				PRODUCT_BUNDLE_IDENTIFIER = com.recipeextractor.app;
				PRODUCT_NAME = "$(TARGET_NAME)";
				SWIFT_EMIT_LOC_STRINGS = YES;
				SWIFT_VERSION = 5.0;
				TARGETED_DEVICE_FAMILY = "1,2";
			};
			name = Release;
		};
/* End XCBuildConfiguration section */

/* Begin XCConfigurationList section */
		CE0000000000000000000003 /* Build configuration list for PBXProject "RecipeExtractor" */ = {
			isa = XCConfigurationList;
			buildConfigurations = (
				CE0000000000000000000005 /* Debug */,
				CE0000000000000000000006 /* Release */,
			);
			defaultConfigurationIsVisible = 0;
			defaultConfigurationName = Release;
		};
		CE0000000000000000000004 /* Build configuration list for PBXNativeTarget "RecipeExtractor" */ = {
			isa = XCConfigurationList;
			buildConfigurations = (
				CE0000000000000000000007 /* Debug */,
				CE0000000000000000000008 /* Release */,
			);
			defaultConfigurationIsVisible = 0;
			defaultConfigurationName = Release;
		};
/* End XCConfigurationList section */

	};
	rootObject = CE0000000000000000000001 /* Project object */;
}
